
Microsoft Visual Studio Solution File, Format Version 12.00
# Visual Studio 14
VisualStudioVersion = 14.0.24720.0
MinimumVisualStudioVersion = 10.0.40219.1
Project("{FAE04EC0-301F-11D3-BF4B-00C04F79EFBC}") = "LibraryClient", "LibraryClient\LibraryClient.csproj", "{8CB368FD-A00A-4E17-A53E-B17E7278B1D8}"
EndProject
Project("{FAE04EC0-301F-11D3-BF4B-00C04F79EFBC}") = "LocalLibraryDBLoader", "LocalLibraryDBLoader\LocalLibraryDBLoader.csproj", "{4D8059A1-4723-4632-920D-6CEDF28A1FE8}"
EndProject
Global
	GlobalSection(SolutionConfigurationPlatforms) = preSolution
		Debug|Any CPU = Debug|Any CPU
		Release|Any CPU = Release|Any CPU
	EndGlobalSection
	GlobalSection(ProjectConfigurationPlatforms) = postSolution
		{8CB368FD-A00A-4E17-A53E-B17E7278B1D8}.Debug|Any CPU.ActiveCfg = Debug|Any CPU
		{8CB368FD-A00A-4E17-A53E-B17E7278B1D8}.Debug|Any CPU.Build.0 = Debug|Any CPU
		{8CB368FD-A00A-4E17-A53E-B17E7278B1D8}.Release|Any CPU.ActiveCfg = Release|Any CPU
		{8CB368FD-A00A-4E17-A53E-B17E7278B1D8}.Release|Any CPU.Build.0 = Release|Any CPU
		{4D8059A1-4723-4632-920D-6CEDF28A1FE8}.Debug|Any CPU.ActiveCfg = Debug|Any CPU
		{4D8059A1-4723-4632-920D-6CEDF28A1FE8}.Debug|Any CPU.Build.0 = Debug|Any CPU
		{4D8059A1-4723-4632-920D-6CEDF28A1FE8}.Release|Any CPU.ActiveCfg = Release|Any CPU
		{4D8059A1-4723-4632-920D-6CEDF28A1FE8}.Release|Any CPU.Build.0 = Release|Any CPU
	EndGlobalSection
	GlobalSection(SolutionProperties) = preSolution
		HideSolutionNode = FALSE
	EndGlobalSection
EndGlobal
